
Microsoft Visual Studio Solution File, Format Version 12.00
# Visual Studio Version 17
VisualStudioVersion = 17.0.32014.148
MinimumVisualStudioVersion = 10.0.40219.1
Project("{9A19103F-16F7-4668-BE54-9A1E7A4F7556}") = "1.Singleton", "1.Singleton\1.Singleton.csproj", "{F06B2CD1-D031-476F-8197-BD65772AFA94}"
EndProject
Project("{2150E333-8FDC-42A3-9474-1A3956D46DE8}") = "creational", "creational", "{0698E6C0-C5A7-47E8-8E82-4F3803FDDFE2}"
EndProject
Project("{9A19103F-16F7-4668-BE54-9A1E7A4F7556}") = "2.Prototype Shallow", "Prototype\2.Prototype Shallow.csproj", "{766695A1-A13F-4D13-8697-C892CE89441C}"
EndProject
Project("{2150E333-8FDC-42A3-9474-1A3956D46DE8}") = "behaviour", "behaviour", "{2407544D-B9AC-4834-AF1C-43464B59CF8D}"
EndProject
Project("{2150E333-8FDC-42A3-9474-1A3956D46DE8}") = "structural", "structural", "{7C4109AB-D2F5-4CA3-AC6F-45C296ABB3FB}"
EndProject
Project("{FAE04EC0-301F-11D3-BF4B-00C04F79EFBC}") = "3.Prototype Deep", "3.Prototype Deep\3.Prototype Deep.csproj", "{F2540956-F018-469E-8E23-A5F342286CDF}"
EndProject
Project("{FAE04EC0-301F-11D3-BF4B-00C04F79EFBC}") = "4.Factory Method", "4.Factory Method\4.Factory Method.csproj", "{4A7371F4-DD8D-49E8-807A-57CB5D9F6AF5}"
EndProject
Project("{FAE04EC0-301F-11D3-BF4B-00C04F79EFBC}") = "5.Builder", "5.Builder\5.Builder.csproj", "{0C14F4E8-EAA5-4E21-9D9A-1AB31E028F06}"
EndProject
Project("{FAE04EC0-301F-11D3-BF4B-00C04F79EFBC}") = "6.Abstract Factory", "Abstract Factory\6.Abstract Factory.csproj", "{666EDA24-6833-4222-9B4B-E9F90CF21107}"
EndProject
Project("{FAE04EC0-301F-11D3-BF4B-00C04F79EFBC}") = "1.Adapter", "1.Adapter\1.Adapter.csproj", "{0D98D4A3-5F82-4883-A987-9E407BD9FB19}"
EndProject
Project("{FAE04EC0-301F-11D3-BF4B-00C04F79EFBC}") = "2.Bridge", "2.Bridge\2.Bridge.csproj", "{4AE8004E-F09D-401C-80B2-C092F9C75D40}"
EndProject
Project("{FAE04EC0-301F-11D3-BF4B-00C04F79EFBC}") = "3.Composite", "3.Composite\3.Composite.csproj", "{1F133AB4-A15D-4B33-8144-A9AB5C82018F}"
EndProject
Project("{FAE04EC0-301F-11D3-BF4B-00C04F79EFBC}") = "4.Decorator", "4.Decorator\4.Decorator.csproj", "{A0943F81-1630-4D03-9002-188CC919F10B}"
EndProject
Project("{FAE04EC0-301F-11D3-BF4B-00C04F79EFBC}") = "5.Facede", "5.Facede\5.Facede.csproj", "{D576F48D-B4F0-4822-9DE7-B3D919911267}"
EndProject
Project("{FAE04EC0-301F-11D3-BF4B-00C04F79EFBC}") = "7.Flyweigth", "7.Flyweigth\7.Flyweigth.csproj", "{0102BF87-911F-4150-B822-B528EB215C16}"
EndProject
Project("{FAE04EC0-301F-11D3-BF4B-00C04F79EFBC}") = "8.Proxy", "Proxy\8.Proxy.csproj", "{DD5D17BB-2A8E-4D7F-BD85-2A8D593298A5}"
EndProject
Global
	GlobalSection(SolutionConfigurationPlatforms) = preSolution
		Debug|Any CPU = Debug|Any CPU
		Release|Any CPU = Release|Any CPU
	EndGlobalSection
	GlobalSection(ProjectConfigurationPlatforms) = postSolution
		{F06B2CD1-D031-476F-8197-BD65772AFA94}.Debug|Any CPU.ActiveCfg = Debug|Any CPU
		{F06B2CD1-D031-476F-8197-BD65772AFA94}.Debug|Any CPU.Build.0 = Debug|Any CPU
		{F06B2CD1-D031-476F-8197-BD65772AFA94}.Release|Any CPU.ActiveCfg = Release|Any CPU
		{F06B2CD1-D031-476F-8197-BD65772AFA94}.Release|Any CPU.Build.0 = Release|Any CPU
		{766695A1-A13F-4D13-8697-C892CE89441C}.Debug|Any CPU.ActiveCfg = Debug|Any CPU
		{766695A1-A13F-4D13-8697-C892CE89441C}.Debug|Any CPU.Build.0 = Debug|Any CPU
		{766695A1-A13F-4D13-8697-C892CE89441C}.Release|Any CPU.ActiveCfg = Release|Any CPU
		{766695A1-A13F-4D13-8697-C892CE89441C}.Release|Any CPU.Build.0 = Release|Any CPU
		{F2540956-F018-469E-8E23-A5F342286CDF}.Debug|Any CPU.ActiveCfg = Debug|Any CPU
		{F2540956-F018-469E-8E23-A5F342286CDF}.Debug|Any CPU.Build.0 = Debug|Any CPU
		{F2540956-F018-469E-8E23-A5F342286CDF}.Release|Any CPU.ActiveCfg = Release|Any CPU
		{F2540956-F018-469E-8E23-A5F342286CDF}.Release|Any CPU.Build.0 = Release|Any CPU
		{4A7371F4-DD8D-49E8-807A-57CB5D9F6AF5}.Debug|Any CPU.ActiveCfg = Debug|Any CPU
		{4A7371F4-DD8D-49E8-807A-57CB5D9F6AF5}.Debug|Any CPU.Build.0 = Debug|Any CPU
		{4A7371F4-DD8D-49E8-807A-57CB5D9F6AF5}.Release|Any CPU.ActiveCfg = Release|Any CPU
		{4A7371F4-DD8D-49E8-807A-57CB5D9F6AF5}.Release|Any CPU.Build.0 = Release|Any CPU
		{0C14F4E8-EAA5-4E21-9D9A-1AB31E028F06}.Debug|Any CPU.ActiveCfg = Debug|Any CPU
		{0C14F4E8-EAA5-4E21-9D9A-1AB31E028F06}.Debug|Any CPU.Build.0 = Debug|Any CPU
		{0C14F4E8-EAA5-4E21-9D9A-1AB31E028F06}.Release|Any CPU.ActiveCfg = Release|Any CPU
		{0C14F4E8-EAA5-4E21-9D9A-1AB31E028F06}.Release|Any CPU.Build.0 = Release|Any CPU
		{666EDA24-6833-4222-9B4B-E9F90CF21107}.Debug|Any CPU.ActiveCfg = Debug|Any CPU
		{666EDA24-6833-4222-9B4B-E9F90CF21107}.Debug|Any CPU.Build.0 = Debug|Any CPU
		{666EDA24-6833-4222-9B4B-E9F90CF21107}.Release|Any CPU.ActiveCfg = Release|Any CPU
		{666EDA24-6833-4222-9B4B-E9F90CF21107}.Release|Any CPU.Build.0 = Release|Any CPU
		{0D98D4A3-5F82-4883-A987-9E407BD9FB19}.Debug|Any CPU.ActiveCfg = Debug|Any CPU
		{0D98D4A3-5F82-4883-A987-9E407BD9FB19}.Debug|Any CPU.Build.0 = Debug|Any CPU
		{0D98D4A3-5F82-4883-A987-9E407BD9FB19}.Release|Any CPU.ActiveCfg = Release|Any CPU
		{0D98D4A3-5F82-4883-A987-9E407BD9FB19}.Release|Any CPU.Build.0 = Release|Any CPU
		{4AE8004E-F09D-401C-80B2-C092F9C75D40}.Debug|Any CPU.ActiveCfg = Debug|Any CPU
		{4AE8004E-F09D-401C-80B2-C092F9C75D40}.Debug|Any CPU.Build.0 = Debug|Any CPU
		{4AE8004E-F09D-401C-80B2-C092F9C75D40}.Release|Any CPU.ActiveCfg = Release|Any CPU
		{4AE8004E-F09D-401C-80B2-C092F9C75D40}.Release|Any CPU.Build.0 = Release|Any CPU
		{1F133AB4-A15D-4B33-8144-A9AB5C82018F}.Debug|Any CPU.ActiveCfg = Debug|Any CPU
		{1F133AB4-A15D-4B33-8144-A9AB5C82018F}.Debug|Any CPU.Build.0 = Debug|Any CPU
		{1F133AB4-A15D-4B33-8144-A9AB5C82018F}.Release|Any CPU.ActiveCfg = Release|Any CPU
		{1F133AB4-A15D-4B33-8144-A9AB5C82018F}.Release|Any CPU.Build.0 = Release|Any CPU
		{A0943F81-1630-4D03-9002-188CC919F10B}.Debug|Any CPU.ActiveCfg = Debug|Any CPU
		{A0943F81-1630-4D03-9002-188CC919F10B}.Debug|Any CPU.Build.0 = Debug|Any CPU
		{A0943F81-1630-4D03-9002-188CC919F10B}.Release|Any CPU.ActiveCfg = Release|Any CPU
		{A0943F81-1630-4D03-9002-188CC919F10B}.Release|Any CPU.Build.0 = Release|Any CPU
		{D576F48D-B4F0-4822-9DE7-B3D919911267}.Debug|Any CPU.ActiveCfg = Debug|Any CPU
		{D576F48D-B4F0-4822-9DE7-B3D919911267}.Debug|Any CPU.Build.0 = Debug|Any CPU
		{D576F48D-B4F0-4822-9DE7-B3D919911267}.Release|Any CPU.ActiveCfg = Release|Any CPU
		{D576F48D-B4F0-4822-9DE7-B3D919911267}.Release|Any CPU.Build.0 = Release|Any CPU
		{0102BF87-911F-4150-B822-B528EB215C16}.Debug|Any CPU.ActiveCfg = Debug|Any CPU
		{0102BF87-911F-4150-B822-B528EB215C16}.Debug|Any CPU.Build.0 = Debug|Any CPU
		{0102BF87-911F-4150-B822-B528EB215C16}.Release|Any CPU.ActiveCfg = Release|Any CPU
		{0102BF87-911F-4150-B822-B528EB215C16}.Release|Any CPU.Build.0 = Release|Any CPU
		{DD5D17BB-2A8E-4D7F-BD85-2A8D593298A5}.Debug|Any CPU.ActiveCfg = Debug|Any CPU
		{DD5D17BB-2A8E-4D7F-BD85-2A8D593298A5}.Debug|Any CPU.Build.0 = Debug|Any CPU
		{DD5D17BB-2A8E-4D7F-BD85-2A8D593298A5}.Release|Any CPU.ActiveCfg = Release|Any CPU
		{DD5D17BB-2A8E-4D7F-BD85-2A8D593298A5}.Release|Any CPU.Build.0 = Release|Any CPU
	EndGlobalSection
	GlobalSection(SolutionProperties) = preSolution
		HideSolutionNode = FALSE
	EndGlobalSection
	GlobalSection(NestedProjects) = preSolution
		{F06B2CD1-D031-476F-8197-BD65772AFA94} = {0698E6C0-C5A7-47E8-8E82-4F3803FDDFE2}
		{766695A1-A13F-4D13-8697-C892CE89441C} = {0698E6C0-C5A7-47E8-8E82-4F3803FDDFE2}
		{F2540956-F018-469E-8E23-A5F342286CDF} = {0698E6C0-C5A7-47E8-8E82-4F3803FDDFE2}
		{4A7371F4-DD8D-49E8-807A-57CB5D9F6AF5} = {0698E6C0-C5A7-47E8-8E82-4F3803FDDFE2}
		{0C14F4E8-EAA5-4E21-9D9A-1AB31E028F06} = {0698E6C0-C5A7-47E8-8E82-4F3803FDDFE2}
		{666EDA24-6833-4222-9B4B-E9F90CF21107} = {0698E6C0-C5A7-47E8-8E82-4F3803FDDFE2}
		{0D98D4A3-5F82-4883-A987-9E407BD9FB19} = {7C4109AB-D2F5-4CA3-AC6F-45C296ABB3FB}
		{4AE8004E-F09D-401C-80B2-C092F9C75D40} = {7C4109AB-D2F5-4CA3-AC6F-45C296ABB3FB}
		{1F133AB4-A15D-4B33-8144-A9AB5C82018F} = {7C4109AB-D2F5-4CA3-AC6F-45C296ABB3FB}
		{A0943F81-1630-4D03-9002-188CC919F10B} = {7C4109AB-D2F5-4CA3-AC6F-45C296ABB3FB}
		{D576F48D-B4F0-4822-9DE7-B3D919911267} = {7C4109AB-D2F5-4CA3-AC6F-45C296ABB3FB}
		{0102BF87-911F-4150-B822-B528EB215C16} = {7C4109AB-D2F5-4CA3-AC6F-45C296ABB3FB}
		{DD5D17BB-2A8E-4D7F-BD85-2A8D593298A5} = {7C4109AB-D2F5-4CA3-AC6F-45C296ABB3FB}
	EndGlobalSection
	GlobalSection(ExtensibilityGlobals) = postSolution
		SolutionGuid = {E5BE2C13-D2C5-41C4-AD2E-FE0D21511333}
	EndGlobalSection
EndGlobal
